Microsoft Visual Studio Solution File, Format Version 11.00
# Visual Studio 2008

Project("{F6F67EC1-0D1A-6768-DC4B-7CBC91319CF0}") = "metaedenunity", "Assembly-CSharp-vs.csproj", "{CE7D02FE-F2A2-A51D-A067-F6E705563DE5}"
EndProject
Global
	GlobalSection(SolutionConfigurationPlatforms) = preSolution
		Debug|Any CPU = Debug|Any CPU
		Release|Any CPU = Release|Any CPU
	EndGlobalSection
	GlobalSection(ProjectConfigurationPlatforms) = postSolution
		{CE7D02FE-F2A2-A51D-A067-F6E705563DE5}.Debug|Any CPU.ActiveCfg = Debug|Any CPU
		{CE7D02FE-F2A2-A51D-A067-F6E705563DE5}.Debug|Any CPU.Build.0 = Debug|Any CPU
		{CE7D02FE-F2A2-A51D-A067-F6E705563DE5}.Release|Any CPU.ActiveCfg = Release|Any CPU
		{CE7D02FE-F2A2-A51D-A067-F6E705563DE5}.Release|Any CPU.Build.0 = Release|Any CPU
	EndGlobalSection
	GlobalSection(SolutionProperties) = preSolution
		HideSolutionNode = FALSE
	EndGlobalSection
																								GlobalSection(MonoDevelopProperties) = preSolution
		StartupItem = Assembly-CSharp.csproj
		Policies = $0
		$0.TextStylePolicy = $1
		$1.inheritsSet = null
		$1.scope = text/x-csharp
		$0.CSharpFormattingPolicy = $2
		$2.inheritsSet = Mono
		$2.inheritsScope = text/x-csharp
		$2.scope = text/x-csharp
		$0.TextStylePolicy = $3
		$3.FileWidth = 120
		$3.TabWidth = 4
		$3.IndentWidth = 4
		$3.EolMarker = Unix
		$3.inheritsSet = Mono
		$3.inheritsScope = text/plain
		$3.scope = text/plain
	EndGlobalSection

EndGlobal
